
Microsoft Visual Studio Solution File, Format Version 12.00
# Visual Studio Version 16
VisualStudioVersion = 16.0.29613.14
MinimumVisualStudioVersion = 10.0.40219.1
Project("{FAE04EC0-301F-11D3-BF4B-00C04F79EFBC}") = "MIS4200Project", "MIS4200Project\MIS4200Project.csproj", "{F12E5AF7-F494-4BAB-BF73-8279A68B412B}"
EndProject
Global
	GlobalSection(SolutionConfigurationPlatforms) = preSolution
		Debug|Any CPU = Debug|Any CPU
		Release|Any CPU = Release|Any CPU
	EndGlobalSection
	GlobalSection(ProjectConfigurationPlatforms) = postSolution
		{F12E5AF7-F494-4BAB-BF73-8279A68B412B}.Debug|Any CPU.ActiveCfg = Debug|Any CPU
		{F12E5AF7-F494-4BAB-BF73-8279A68B412B}.Debug|Any CPU.Build.0 = Debug|Any CPU
		{F12E5AF7-F494-4BAB-BF73-8279A68B412B}.Release|Any CPU.ActiveCfg = Release|Any CPU
		{F12E5AF7-F494-4BAB-BF73-8279A68B412B}.Release|Any CPU.Build.0 = Release|Any CPU
	EndGlobalSection
	GlobalSection(SolutionProperties) = preSolution
		HideSolutionNode = FALSE
	EndGlobalSection
	GlobalSection(ExtensibilityGlobals) = postSolution
		SolutionGuid = {99400B84-0704-430A-9E89-550387233EAE}
	EndGlobalSection
EndGlobal
